// !$*UTF8*$!
{
	archiveVersion = 1;
	classes = {
	};
	objectVersion = 56;
	objects = {

/* Begin PBXBuildFile section */
		3F49579F2ACBF79500DF977A /* Calculator2App.swift in Sources */ = {isa = PBXBuildFile; fileRef = 3F49579E2ACBF79500DF977A /* Calculator2App.swift */; };
		3F4957A12ACBF79500DF977A /* ContentView.swift in Sources */ = {isa = PBXBuildFile; fileRef = 3F4957A02ACBF79500DF977A /* ContentView.swift */; };
		3F4957A32ACBF79900DF977A /* Assets.xcassets in Resources */ = {isa = PBXBuildFile; fileRef = 3F4957A22ACBF79900DF977A /* Assets.xcassets */; };
		3F4957A62ACBF79900DF977A /* Preview Assets.xcassets in Resources */ = {isa = PBXBuildFile; fileRef = 3F4957A52ACBF79900DF977A /* Preview Assets.xcassets */; };
		3F4957B02ACBF79A00DF977A /* Calculator2Tests.swift in Sources */ = {isa = PBXBuildFile; fileRef = 3F4957AF2ACBF79A00DF977A /* Calculator2Tests.swift */; };
		3F4957BA2ACBF79A00DF977A /* Calculator2UITests.swift in Sources */ = {isa = PBXBuildFile; fileRef = 3F4957B92ACBF79A00DF977A /* Calculator2UITests.swift */; };
		3F4957BC2ACBF79A00DF977A /* Calculator2UITestsLaunchTests.swift in Sources */ = {isa = PBXBuildFile; fileRef = 3F4957BB2ACBF79A00DF977A /* Calculator2UITestsLaunchTests.swift */; };
		3F4957C92ACBF87B00DF977A /* ButtonView.swift in Sources */ = {isa = PBXBuildFile; fileRef = 3F4957C82ACBF87B00DF977A /* ButtonView.swift */; };
		3F4957CB2ACBF91000DF977A /* Calculation.swift in Sources */ = {isa = PBXBuildFile; fileRef = 3F4957CA2ACBF91000DF977A /* Calculation.swift */; };
/* End PBXBuildFile section */

/* Begin PBXContainerItemProxy section */
		3F4957AC2ACBF79A00DF977A /* PBXContainerItemProxy */ = {
			isa = PBXContainerItemProxy;
			containerPortal = 3F4957932ACBF79500DF977A /* Project object */;
			proxyType = 1;
			remoteGlobalIDString = 3F49579A2ACBF79500DF977A;
			remoteInfo = Calculator2;
		};
		3F4957B62ACBF79A00DF977A /* PBXContainerItemProxy */ = {
			isa = PBXContainerItemProxy;
			containerPortal = 3F4957932ACBF79500DF977A /* Project object */;
			proxyType = 1;
			remoteGlobalIDString = 3F49579A2ACBF79500DF977A;
			remoteInfo = Calculator2;
		};
/* End PBXContainerItemProxy section */

/* Begin PBXFileReference section */
		3F49579B2ACBF79500DF977A /* Calculator2.app */ = {isa = PBXFileReference; explicitFileType = wrapper.application; includeInIndex = 0; path = Calculator2.app; sourceTree = BUILT_PRODUCTS_DIR; };
		3F49579E2ACBF79500DF977A /* Calculator2App.swift */ = {isa = PBXFileReference; lastKnownFileType = sourcecode.swift; path = Calculator2App.swift; sourceTree = "<group>"; };
		3F4957A02ACBF79500DF977A /* ContentView.swift */ = {isa = PBXFileReference; lastKnownFileType = sourcecode.swift; path = ContentView.swift; sourceTree = "<group>"; };
		3F4957A22ACBF79900DF977A /* Assets.xcassets */ = {isa = PBXFileReference; lastKnownFileType = folder.assetcatalog; path = Assets.xcassets; sourceTree = "<group>"; };
		3F4957A52ACBF79900DF977A /* Preview Assets.xcassets */ = {isa = PBXFileReference; lastKnownFileType = folder.assetcatalog; path = "Preview Assets.xcassets"; sourceTree = "<group>"; };
		3F4957AB2ACBF79A00DF977A /* Calculator2Tests.xctest */ = {isa = PBXFileReference; explicitFileType = wrapper.cfbundle; includeInIndex = 0; path = Calculator2Tests.xctest; sourceTree = BUILT_PRODUCTS_DIR; };
		3F4957AF2ACBF79A00DF977A /* Calculator2Tests.swift */ = {isa = PBXFileReference; lastKnownFileType = sourcecode.swift; path = Calculator2Tests.swift; sourceTree = "<group>"; };
		3F4957B52ACBF79A00DF977A /* Calculator2UITests.xctest */ = {isa = PBXFileReference; explicitFileType = wrapper.cfbundle; includeInIndex = 0; path = Calculator2UITests.xctest; sourceTree = BUILT_PRODUCTS_DIR; };
		3F4957B92ACBF79A00DF977A /* Calculator2UITests.swift */ = {isa = PBXFileReference; lastKnownFileType = sourcecode.swift; path = Calculator2UITests.swift; sourceTree = "<group>"; };
		3F4957BB2ACBF79A00DF977A /* Calculator2UITestsLaunchTests.swift */ = {isa = PBXFileReference; lastKnownFileType = sourcecode.swift; path = Calculator2UITestsLaunchTests.swift; sourceTree = "<group>"; };
		3F4957C82ACBF87B00DF977A /* ButtonView.swift */ = {isa = PBXFileReference; lastKnownFileType = sourcecode.swift; path = ButtonView.swift; sourceTree = "<group>"; };
		3F4957CA2ACBF91000DF977A /* Calculation.swift */ = {isa = PBXFileReference; lastKnownFileType = sourcecode.swift; path = Calculation.swift; sourceTree = "<group>"; };
/* End PBXFileReference section */

/* Begin PBXFrameworksBuildPhase section */
		3F4957982ACBF79500DF977A /* Frameworks */ = {
			isa = PBXFrameworksBuildPhase;
			buildActionMask = 2147483647;
			files = (
			);
			runOnlyForDeploymentPostprocessing = 0;
		};
		3F4957A82ACBF79A00DF977A /* Frameworks */ = {
			isa = PBXFrameworksBuildPhase;
			buildActionMask = 2147483647;
			files = (
			);
			runOnlyForDeploymentPostprocessing = 0;
		};
		3F4957B22ACBF79A00DF977A /* Frameworks */ = {
			isa = PBXFrameworksBuildPhase;
			buildActionMask = 2147483647;
			files = (
			);
			runOnlyForDeploymentPostprocessing = 0;
		};
/* End PBXFrameworksBuildPhase section */

/* Begin PBXGroup section */
		3F4957922ACBF79500DF977A = {
			isa = PBXGroup;
			children = (
				3F49579D2ACBF79500DF977A /* Calculator2 */,
				3F4957AE2ACBF79A00DF977A /* Calculator2Tests */,
				3F4957B82ACBF79A00DF977A /* Calculator2UITests */,
				3F49579C2ACBF79500DF977A /* Products */,
			);
			sourceTree = "<group>";
		};
		3F49579C2ACBF79500DF977A /* Products */ = {
			isa = PBXGroup;
			children = (
				3F49579B2ACBF79500DF977A /* Calculator2.app */,
				3F4957AB2ACBF79A00DF977A /* Calculator2Tests.xctest */,
				3F4957B52ACBF79A00DF977A /* Calculator2UITests.xctest */,
			);
			name = Products;
			sourceTree = "<group>";
		};
		3F49579D2ACBF79500DF977A /* Calculator2 */ = {
			isa = PBXGroup;
			children = (
				3F49579E2ACBF79500DF977A /* Calculator2App.swift */,
				3F4957A02ACBF79500DF977A /* ContentView.swift */,
				3F4957CA2ACBF91000DF977A /* Calculation.swift */,
				3F4957C82ACBF87B00DF977A /* ButtonView.swift */,
				3F4957A22ACBF79900DF977A /* Assets.xcassets */,
				3F4957A42ACBF79900DF977A /* Preview Content */,
			);
			path = Calculator2;
			sourceTree = "<group>";
		};
		3F4957A42ACBF79900DF977A /* Preview Content */ = {
			isa = PBXGroup;
			children = (
				3F4957A52ACBF79900DF977A /* Preview Assets.xcassets */,
			);
			path = "Preview Content";
			sourceTree = "<group>";
		};
		3F4957AE2ACBF79A00DF977A /* Calculator2Tests */ = {
			isa = PBXGroup;
			children = (
				3F4957AF2ACBF79A00DF977A /* Calculator2Tests.swift */,
			);
			path = Calculator2Tests;
			sourceTree = "<group>";
		};
		3F4957B82ACBF79A00DF977A /* Calculator2UITests */ = {
			isa = PBXGroup;
			children = (
				3F4957B92ACBF79A00DF977A /* Calculator2UITests.swift */,
				3F4957BB2ACBF79A00DF977A /* Calculator2UITestsLaunchTests.swift */,
			);
			path = Calculator2UITests;
			sourceTree = "<group>";
		};
/* End PBXGroup section */

/* Begin PBXNativeTarget section */
		3F49579A2ACBF79500DF977A /* Calculator2 */ = {
			isa = PBXNativeTarget;
			buildConfigurationList = 3F4957BF2ACBF79A00DF977A /* Build configuration list for PBXNativeTarget "Calculator2" */;
			buildPhases = (
				3F4957972ACBF79500DF977A /* Sources */,
				3F4957982ACBF79500DF977A /* Frameworks */,
				3F4957992ACBF79500DF977A /* Resources */,
			);
			buildRules = (
			);
			dependencies = (
			);
			name = Calculator2;
			productName = Calculator2;
			productReference = 3F49579B2ACBF79500DF977A /* Calculator2.app */;
			productType = "com.apple.product-type.application";
		};
		3F4957AA2ACBF79A00DF977A /* Calculator2Tests */ = {
			isa = PBXNativeTarget;
			buildConfigurationList = 3F4957C22ACBF79A00DF977A /* Build configuration list for PBXNativeTarget "Calculator2Tests" */;
			buildPhases = (
				3F4957A72ACBF79A00DF977A /* Sources */,
				3F4957A82ACBF79A00DF977A /* Frameworks */,
				3F4957A92ACBF79A00DF977A /* Resources */,
			);
			buildRules = (
			);
			dependencies = (
				3F4957AD2ACBF79A00DF977A /* PBXTargetDependency */,
			);
			name = Calculator2Tests;
			productName = Calculator2Tests;
			productReference = 3F4957AB2ACBF79A00DF977A /* Calculator2Tests.xctest */;
			productType = "com.apple.product-type.bundle.unit-test";
		};
		3F4957B42ACBF79A00DF977A /* Calculator2UITests */ = {
			isa = PBXNativeTarget;
			buildConfigurationList = 3F4957C52ACBF79A00DF977A /* Build configuration list for PBXNativeTarget "Calculator2UITests" */;
			buildPhases = (
				3F4957B12ACBF79A00DF977A /* Sources */,
				3F4957B22ACBF79A00DF977A /* Frameworks */,
				3F4957B32ACBF79A00DF977A /* Resources */,
			);
			buildRules = (
			);
			dependencies = (
				3F4957B72ACBF79A00DF977A /* PBXTargetDependency */,
			);
			name = Calculator2UITests;
			productName = Calculator2UITests;
			productReference = 3F4957B52ACBF79A00DF977A /* Calculator2UITests.xctest */;
			productType = "com.apple.product-type.bundle.ui-testing";
		};
/* End PBXNativeTarget section */

/* Begin PBXProject section */
		3F4957932ACBF79500DF977A /* Project object */ = {
			isa = PBXProject;
			attributes = {
				BuildIndependentTargetsInParallel = 1;
				LastSwiftUpdateCheck = 1500;
				LastUpgradeCheck = 1500;
				TargetAttributes = {
					3F49579A2ACBF79500DF977A = {
						CreatedOnToolsVersion = 15.0;
					};
					3F4957AA2ACBF79A00DF977A = {
						CreatedOnToolsVersion = 15.0;
						TestTargetID = 3F49579A2ACBF79500DF977A;
					};
					3F4957B42ACBF79A00DF977A = {
						CreatedOnToolsVersion = 15.0;
						TestTargetID = 3F49579A2ACBF79500DF977A;
					};
				};
			};
			buildConfigurationList = 3F4957962ACBF79500DF977A /* Build configuration list for PBXProject "Calculator2" */;
			compatibilityVersion = "Xcode 14.0";
			developmentRegion = en;
			hasScannedForEncodings = 0;
			knownRegions = (
				en,
				Base,
			);
			mainGroup = 3F4957922ACBF79500DF977A;
			productRefGroup = 3F49579C2ACBF79500DF977A /* Products */;
			projectDirPath = "";
			projectRoot = "";
			targets = (
				3F49579A2ACBF79500DF977A /* Calculator2 */,
				3F4957AA2ACBF79A00DF977A /* Calculator2Tests */,
				3F4957B42ACBF79A00DF977A /* Calculator2UITests */,
			);
		};
/* End PBXProject section */

/* Begin PBXResourcesBuildPhase section */
		3F4957992ACBF79500DF977A /* Resources */ = {
			isa = PBXResourcesBuildPhase;
			buildActionMask = 2147483647;
			files = (
				3F4957A62ACBF79900DF977A /* Preview Assets.xcassets in Resources */,
				3F4957A32ACBF79900DF977A /* Assets.xcassets in Resources */,
			);
			runOnlyForDeploymentPostprocessing = 0;
		};
		3F4957A92ACBF79A00DF977A /* Resources */ = {
			isa = PBXResourcesBuildPhase;
			buildActionMask = 2147483647;
			files = (
			);
			runOnlyForDeploymentPostprocessing = 0;
		};
		3F4957B32ACBF79A00DF977A /* Resources */ = {
			isa = PBXResourcesBuildPhase;
			buildActionMask = 2147483647;
			files = (
			);
			runOnlyForDeploymentPostprocessing = 0;
		};
/* End PBXResourcesBuildPhase section */

/* Begin PBXSourcesBuildPhase section */
		3F4957972ACBF79500DF977A /* Sources */ = {
			isa = PBXSourcesBuildPhase;
			buildActionMask = 2147483647;
			files = (
				3F4957A12ACBF79500DF977A /* ContentView.swift in Sources */,
				3F49579F2ACBF79500DF977A /* Calculator2App.swift in Sources */,
				3F4957C92ACBF87B00DF977A /* ButtonView.swift in Sources */,
				3F4957CB2ACBF91000DF977A /* Calculation.swift in Sources */,
			);
			runOnlyForDeploymentPostprocessing = 0;
		};
		3F4957A72ACBF79A00DF977A /* Sources */ = {
			isa = PBXSourcesBuildPhase;
			buildActionMask = 2147483647;
			files = (
				3F4957B02ACBF79A00DF977A /* Calculator2Tests.swift in Sources */,
			);
			runOnlyForDeploymentPostprocessing = 0;
		};
		3F4957B12ACBF79A00DF977A /* Sources */ = {
			isa = PBXSourcesBuildPhase;
			buildActionMask = 2147483647;
			files = (
				3F4957BA2ACBF79A00DF977A /* Calculator2UITests.swift in Sources */,
				3F4957BC2ACBF79A00DF977A /* Calculator2UITestsLaunchTests.swift in Sources */,
			);
			runOnlyForDeploymentPostprocessing = 0;
		};
/* End PBXSourcesBuildPhase section */

/* Begin PBXTargetDependency section */
		3F4957AD2ACBF79A00DF977A /* PBXTargetDependency */ = {
			isa = PBXTargetDependency;
			target = 3F49579A2ACBF79500DF977A /* Calculator2 */;
			targetProxy = 3F4957AC2ACBF79A00DF977A /* PBXContainerItemProxy */;
		};
		3F4957B72ACBF79A00DF977A /* PBXTargetDependency */ = {
			isa = PBXTargetDependency;
			target = 3F49579A2ACBF79500DF977A /* Calculator2 */;
			targetProxy = 3F4957B62ACBF79A00DF977A /* PBXContainerItemProxy */;
		};
/* End PBXTargetDependency section */

/* Begin XCBuildConfiguration section */
		3F4957BD2ACBF79A00DF977A /* Debug */ = {
			isa = XCBuildConfiguration;
			buildSettings = {
				ALWAYS_SEARCH_USER_PATHS = NO;
				ASSETCATALOG_COMPILER_GENERATE_SWIFT_ASSET_SYMBOL_EXTENSIONS = YES;
				CLANG_ANALYZER_NONNULL = YES;
				CLANG_ANALYZER_NUMBER_OBJECT_CONVERSION = YES_AGGRESSIVE;
				CLANG_CXX_LANGUAGE_STANDARD = "gnu++20";
				CLANG_ENABLE_MODULES = YES;
				CLANG_ENABLE_OBJC_ARC = YES;
				CLANG_ENABLE_OBJC_WEAK = YES;
				CLANG_WARN_BLOCK_CAPTURE_AUTORELEASING = YES;
				CLANG_WARN_BOOL_CONVERSION = YES;
				CLANG_WARN_COMMA = YES;
				CLANG_WARN_CONSTANT_CONVERSION = YES;
				CLANG_WARN_DEPRECATED_OBJC_IMPLEMENTATIONS = YES;
				CLANG_WARN_DIRECT_OBJC_ISA_USAGE = YES_ERROR;
				CLANG_WARN_DOCUMENTATION_COMMENTS = YES;
				CLANG_WARN_EMPTY_BODY = YES;
				CLANG_WARN_ENUM_CONVERSION = YES;
				CLANG_WARN_INFINITE_RECURSION = YES;
				CLANG_WARN_INT_CONVERSION = YES;
				CLANG_WARN_NON_LITERAL_NULL_CONVERSION = YES;
				CLANG_WARN_OBJC_IMPLICIT_RETAIN_SELF = YES;
				CLANG_WARN_OBJC_LITERAL_CONVERSION = YES;
				CLANG_WARN_OBJC_ROOT_CLASS = YES_ERROR;
				CLANG_WARN_QUOTED_INCLUDE_IN_FRAMEWORK_HEADER = YES;
				CLANG_WARN_RANGE_LOOP_ANALYSIS = YES;
				CLANG_WARN_STRICT_PROTOTYPES = YES;
				CLANG_WARN_SUSPICIOUS_MOVE = YES;
				CLANG_WARN_UNGUARDED_AVAILABILITY = YES_AGGRESSIVE;
				CLANG_WARN_UNREACHABLE_CODE = YES;
				CLANG_WARN__DUPLICATE_METHOD_MATCH = YES;
				COPY_PHASE_STRIP = NO;
				DEBUG_INFORMATION_FORMAT = dwarf;
				ENABLE_STRICT_OBJC_MSGSEND = YES;
				ENABLE_TESTABILITY = YES;
				ENABLE_USER_SCRIPT_SANDBOXING = YES;
				GCC_C_LANGUAGE_STANDARD = gnu17;
				GCC_DYNAMIC_NO_PIC = NO;
				GCC_NO_COMMON_BLOCKS = YES;
				GCC_OPTIMIZATION_LEVEL = 0;
				GCC_PREPROCESSOR_DEFINITIONS = (
					"DEBUG=1",
					"$(inherited)",
				);
				GCC_WARN_64_TO_32_BIT_CONVERSION = YES;
				GCC_WARN_ABOUT_RETURN_TYPE = YES_ERROR;
				GCC_WARN_UNDECLARED_SELECTOR = YES;
				GCC_WARN_UNINITIALIZED_AUTOS = YES_AGGRESSIVE;
				GCC_WARN_UNUSED_FUNCTION = YES;
				GCC_WARN_UNUSED_VARIABLE = YES;
				IPHONEOS_DEPLOYMENT_TARGET = 17.0;
				LOCALIZATION_PREFERS_STRING_CATALOGS = YES;
				MTL_ENABLE_DEBUG_INFO = INCLUDE_SOURCE;
				MTL_FAST_MATH = YES;
				ONLY_ACTIVE_ARCH = YES;
				SDKROOT = iphoneos;
				SWIFT_ACTIVE_COMPILATION_CONDITIONS = "DEBUG $(inherited)";
				SWIFT_OPTIMIZATION_LEVEL = "-Onone";
			};
			name = Debug;
		};
		3F4957BE2ACBF79A00DF977A /* Release */ = {
			isa = XCBuildConfiguration;
			buildSettings = {
				ALWAYS_SEARCH_USER_PATHS = NO;
				ASSETCATALOG_COMPILER_GENERATE_SWIFT_ASSET_SYMBOL_EXTENSIONS = YES;
				CLANG_ANALYZER_NONNULL = YES;
				CLANG_ANALYZER_NUMBER_OBJECT_CONVERSION = YES_AGGRESSIVE;
				CLANG_CXX_LANGUAGE_STANDARD = "gnu++20";
				CLANG_ENABLE_MODULES = YES;
				CLANG_ENABLE_OBJC_ARC = YES;
				CLANG_ENABLE_OBJC_WEAK = YES;
				CLANG_WARN_BLOCK_CAPTURE_AUTORELEASING = YES;
				CLANG_WARN_BOOL_CONVERSION = YES;
				CLANG_WARN_COMMA = YES;
				CLANG_WARN_CONSTANT_CONVERSION = YES;
				CLANG_WARN_DEPRECATED_OBJC_IMPLEMENTATIONS = YES;
				CLANG_WARN_DIRECT_OBJC_ISA_USAGE = YES_ERROR;
				CLANG_WARN_DOCUMENTATION_COMMENTS = YES;
				CLANG_WARN_EMPTY_BODY = YES;
				CLANG_WARN_ENUM_CONVERSION = YES;
				CLANG_WARN_INFINITE_RECURSION = YES;
				CLANG_WARN_INT_CONVERSION = YES;
				CLANG_WARN_NON_LITERAL_NULL_CONVERSION = YES;
				CLANG_WARN_OBJC_IMPLICIT_RETAIN_SELF = YES;
				CLANG_WARN_OBJC_LITERAL_CONVERSION = YES;
				CLANG_WARN_OBJC_ROOT_CLASS = YES_ERROR;
				CLANG_WARN_QUOTED_INCLUDE_IN_FRAMEWORK_HEADER = YES;
				CLANG_WARN_RANGE_LOOP_ANALYSIS = YES;
				CLANG_WARN_STRICT_PROTOTYPES = YES;
				CLANG_WARN_SUSPICIOUS_MOVE = YES;
				CLANG_WARN_UNGUARDED_AVAILABILITY = YES_AGGRESSIVE;
				CLANG_WARN_UNREACHABLE_CODE = YES;
				CLANG_WARN__DUPLICATE_METHOD_MATCH = YES;
				COPY_PHASE_STRIP = NO;
				DEBUG_INFORMATION_FORMAT = "dwarf-with-dsym";
				ENABLE_NS_ASSERTIONS = NO;
				ENABLE_STRICT_OBJC_MSGSEND = YES;
				ENABLE_USER_SCRIPT_SANDBOXING = YES;
				GCC_C_LANGUAGE_STANDARD = gnu17;
				GCC_NO_COMMON_BLOCKS = YES;
				GCC_WARN_64_TO_32_BIT_CONVERSION = YES;
				GCC_WARN_ABOUT_RETURN_TYPE = YES_ERROR;
				GCC_WARN_UNDECLARED_SELECTOR = YES;
				GCC_WARN_UNINITIALIZED_AUTOS = YES_AGGRESSIVE;
				GCC_WARN_UNUSED_FUNCTION = YES;
				GCC_WARN_UNUSED_VARIABLE = YES;
				IPHONEOS_DEPLOYMENT_TARGET = 17.0;
				LOCALIZATION_PREFERS_STRING_CATALOGS = YES;
				MTL_ENABLE_DEBUG_INFO = NO;
				MTL_FAST_MATH = YES;
				SDKROOT = iphoneos;
				SWIFT_COMPILATION_MODE = wholemodule;
				VALIDATE_PRODUCT = YES;
			};
			name = Release;
		};
		3F4957C02ACBF79A00DF977A /* Debug */ = {
			isa = XCBuildConfiguration;
			buildSettings = {
				ASSETCATALOG_COMPILER_APPICON_NAME = AppIcon;
				ASSETCATALOG_COMPILER_GLOBAL_ACCENT_COLOR_NAME = AccentColor;
				CODE_SIGN_STYLE = Automatic;
				CURRENT_PROJECT_VERSION = 1;
				DEVELOPMENT_ASSET_PATHS = "\"Calculator2/Preview Content\"";
				ENABLE_PREVIEWS = YES;
				GENERATE_INFOPLIST_FILE = YES;
				INFOPLIST_KEY_UIApplicationSceneManifest_Generation = YES;
				INFOPLIST_KEY_UIApplicationSupportsIndirectInputEvents = YES;
				INFOPLIST_KEY_UILaunchScreen_Generation = YES;
				INFOPLIST_KEY_UISupportedInterfaceOrientations_iPad = "UIInterfaceOrientationPortrait UIInterfaceOrientationPortraitUpsideDown UIInterfaceOrientationLandscapeLeft UIInterfaceOrientationLandscapeRight";
				INFOPLIST_KEY_UISupportedInterfaceOrientations_iPhone = "UIInterfaceOrientationPortrait UIInterfaceOrientationLandscapeLeft UIInterfaceOrientationLandscapeRight";
				LD_RUNPATH_SEARCH_PATHS = (
					"$(inherited)",
					"@executable_path/Frameworks",
				);
				MARKETING_VERSION = 1.0;
				PRODUCT_BUNDLE_IDENTIFIER = pollub.Calculator2;
				PRODUCT_NAME = "$(TARGET_NAME)";
				SWIFT_EMIT_LOC_STRINGS = YES;
				SWIFT_VERSION = 5.0;
				TARGETED_DEVICE_FAMILY = "1,2";
			};
			name = Debug;
		};
		3F4957C12ACBF79A00DF977A /* Release */ = {
			isa = XCBuildConfiguration;
			buildSettings = {
				ASSETCATALOG_COMPILER_APPICON_NAME = AppIcon;
				ASSETCATALOG_COMPILER_GLOBAL_ACCENT_COLOR_NAME = AccentColor;
				CODE_SIGN_STYLE = Automatic;
				CURRENT_PROJECT_VERSION = 1;
				DEVELOPMENT_ASSET_PATHS = "\"Calculator2/Preview Content\"";
				ENABLE_PREVIEWS = YES;
				GENERATE_INFOPLIST_FILE = YES;
				INFOPLIST_KEY_UIApplicationSceneManifest_Generation = YES;
				INFOPLIST_KEY_UIApplicationSupportsIndirectInputEvents = YES;
				INFOPLIST_KEY_UILaunchScreen_Generation = YES;
				INFOPLIST_KEY_UISupportedInterfaceOrientations_iPad = "UIInterfaceOrientationPortrait UIInterfaceOrientationPortraitUpsideDown UIInterfaceOrientationLandscapeLeft UIInterfaceOrientationLandscapeRight";
				INFOPLIST_KEY_UISupportedInterfaceOrientations_iPhone = "UIInterfaceOrientationPortrait UIInterfaceOrientationLandscapeLeft UIInterfaceOrientationLandscapeRight";
				LD_RUNPATH_SEARCH_PATHS = (
					"$(inherited)",
					"@executable_path/Frameworks",
				);
				MARKETING_VERSION = 1.0;
				PRODUCT_BUNDLE_IDENTIFIER = pollub.Calculator2;
				PRODUCT_NAME = "$(TARGET_NAME)";
				SWIFT_EMIT_LOC_STRINGS = YES;
				SWIFT_VERSION = 5.0;
				TARGETED_DEVICE_FAMILY = "1,2";
			};
			name = Release;
		};
		3F4957C32ACBF79A00DF977A /* Debug */ = {
			isa = XCBuildConfiguration;
			buildSettings = {
				ALWAYS_EMBED_SWIFT_STANDARD_LIBRARIES = YES;
				BUNDLE_LOADER = "$(TEST_HOST)";
				CODE_SIGN_STYLE = Automatic;
				CURRENT_PROJECT_VERSION = 1;
				GENERATE_INFOPLIST_FILE = YES;
				IPHONEOS_DEPLOYMENT_TARGET = 17.0;
				MARKETING_VERSION = 1.0;
				PRODUCT_BUNDLE_IDENTIFIER = pollub.Calculator2Tests;
				PRODUCT_NAME = "$(TARGET_NAME)";
				SWIFT_EMIT_LOC_STRINGS = NO;
				SWIFT_VERSION = 5.0;
				TARGETED_DEVICE_FAMILY = "1,2";
				TEST_HOST = "$(BUILT_PRODUCTS_DIR)/Calculator2.app/$(BUNDLE_EXECUTABLE_FOLDER_PATH)/Calculator2";
			};
			name = Debug;
		};
		3F4957C42ACBF79A00DF977A /* Release */ = {
			isa = XCBuildConfiguration;
			buildSettings = {
				ALWAYS_EMBED_SWIFT_STANDARD_LIBRARIES = YES;
				BUNDLE_LOADER = "$(TEST_HOST)";
				CODE_SIGN_STYLE = Automatic;
				CURRENT_PROJECT_VERSION = 1;
				GENERATE_INFOPLIST_FILE = YES;
				IPHONEOS_DEPLOYMENT_TARGET = 17.0;
				MARKETING_VERSION = 1.0;
				PRODUCT_BUNDLE_IDENTIFIER = pollub.Calculator2Tests;
				PRODUCT_NAME = "$(TARGET_NAME)";
				SWIFT_EMIT_LOC_STRINGS = NO;
				SWIFT_VERSION = 5.0;
				TARGETED_DEVICE_FAMILY = "1,2";
				TEST_HOST = "$(BUILT_PRODUCTS_DIR)/Calculator2.app/$(BUNDLE_EXECUTABLE_FOLDER_PATH)/Calculator2";
			};
			name = Release;
		};
		3F4957C62ACBF79A00DF977A /* Debug */ = {
			isa = XCBuildConfiguration;
			buildSettings = {
				ALWAYS_EMBED_SWIFT_STANDARD_LIBRARIES = YES;
				CODE_SIGN_STYLE = Automatic;
				CURRENT_PROJECT_VERSION = 1;
				GENERATE_INFOPLIST_FILE = YES;
				MARKETING_VERSION = 1.0;
				PRODUCT_BUNDLE_IDENTIFIER = pollub.Calculator2UITests;
				PRODUCT_NAME = "$(TARGET_NAME)";
				SWIFT_EMIT_LOC_STRINGS = NO;
				SWIFT_VERSION = 5.0;
				TARGETED_DEVICE_FAMILY = "1,2";
				TEST_TARGET_NAME = Calculator2;
			};
			name = Debug;
		};
		3F4957C72ACBF79A00DF977A /* Release */ = {
			isa = XCBuildConfiguration;
			buildSettings = {
				ALWAYS_EMBED_SWIFT_STANDARD_LIBRARIES = YES;
				CODE_SIGN_STYLE = Automatic;
				CURRENT_PROJECT_VERSION = 1;
				GENERATE_INFOPLIST_FILE = YES;
				MARKETING_VERSION = 1.0;
				PRODUCT_BUNDLE_IDENTIFIER = pollub.Calculator2UITests;
				PRODUCT_NAME = "$(TARGET_NAME)";
				SWIFT_EMIT_LOC_STRINGS = NO;
				SWIFT_VERSION = 5.0;
				TARGETED_DEVICE_FAMILY = "1,2";
				TEST_TARGET_NAME = Calculator2;
			};
			name = Release;
		};
/* End XCBuildConfiguration section */

/* Begin XCConfigurationList section */
		3F4957962ACBF79500DF977A /* Build configuration list for PBXProject "Calculator2" */ = {
			isa = XCConfigurationList;
			buildConfigurations = (
				3F4957BD2ACBF79A00DF977A /* Debug */,
				3F4957BE2ACBF79A00DF977A /* Release */,
			);
			defaultConfigurationIsVisible = 0;
			defaultConfigurationName = Release;
		};
		3F4957BF2ACBF79A00DF977A /* Build configuration list for PBXNativeTarget "Calculator2" */ = {
			isa = XCConfigurationList;
			buildConfigurations = (
				3F4957C02ACBF79A00DF977A /* Debug */,
				3F4957C12ACBF79A00DF977A /* Release */,
			);
			defaultConfigurationIsVisible = 0;
			defaultConfigurationName = Release;
		};
		3F4957C22ACBF79A00DF977A /* Build configuration list for PBXNativeTarget "Calculator2Tests" */ = {
			isa = XCConfigurationList;
			buildConfigurations = (
				3F4957C32ACBF79A00DF977A /* Debug */,
				3F4957C42ACBF79A00DF977A /* Release */,
			);
			defaultConfigurationIsVisible = 0;
			defaultConfigurationName = Release;
		};
		3F4957C52ACBF79A00DF977A /* Build configuration list for PBXNativeTarget "Calculator2UITests" */ = {
			isa = XCConfigurationList;
			buildConfigurations = (
				3F4957C62ACBF79A00DF977A /* Debug */,
				3F4957C72ACBF79A00DF977A /* Release */,
			);
			defaultConfigurationIsVisible = 0;
			defaultConfigurationName = Release;
		};
/* End XCConfigurationList section */
	};
	rootObject = 3F4957932ACBF79500DF977A /* Project object */;
}
